
Microsoft Visual Studio Solution File, Format Version 12.00
# Visual Studio Version 17
VisualStudioVersion = 17.13.35825.156 d17.13
MinimumVisualStudioVersion = 10.0.40219.1
Project("{FAE04EC0-301F-11D3-BF4B-00C04F79EFBC}") = "blazor_learning", "blazor_learning\blazor_learning\blazor_learning.csproj", "{FFC91465-91DD-420B-B34B-752FBE7A9D65}"
EndProject
Project("{FAE04EC0-301F-11D3-BF4B-00C04F79EFBC}") = "blazor_learning.Client", "blazor_learning\blazor_learning.Client\blazor_learning.Client.csproj", "{C0D086EF-3A86-4F50-83CA-C8106033622C}"
EndProject
Global
	GlobalSection(SolutionConfigurationPlatforms) = preSolution
		Debug|Any CPU = Debug|Any CPU
		Release|Any CPU = Release|Any CPU
	EndGlobalSection
	GlobalSection(ProjectConfigurationPlatforms) = postSolution
		{FFC91465-91DD-420B-B34B-752FBE7A9D65}.Debug|Any CPU.ActiveCfg = Debug|Any CPU
		{FFC91465-91DD-420B-B34B-752FBE7A9D65}.Debug|Any CPU.Build.0 = Debug|Any CPU
		{FFC91465-91DD-420B-B34B-752FBE7A9D65}.Release|Any CPU.ActiveCfg = Release|Any CPU
		{FFC91465-91DD-420B-B34B-752FBE7A9D65}.Release|Any CPU.Build.0 = Release|Any CPU
		{C0D086EF-3A86-4F50-83CA-C8106033622C}.Debug|Any CPU.ActiveCfg = Debug|Any CPU
		{C0D086EF-3A86-4F50-83CA-C8106033622C}.Debug|Any CPU.Build.0 = Debug|Any CPU
		{C0D086EF-3A86-4F50-83CA-C8106033622C}.Release|Any CPU.ActiveCfg = Release|Any CPU
		{C0D086EF-3A86-4F50-83CA-C8106033622C}.Release|Any CPU.Build.0 = Release|Any CPU
	EndGlobalSection
	GlobalSection(SolutionProperties) = preSolution
		HideSolutionNode = FALSE
	EndGlobalSection
	GlobalSection(ExtensibilityGlobals) = postSolution
		SolutionGuid = {32C3BB32-0E92-4718-8E63-10B0BDF5CBE5}
	EndGlobalSection
EndGlobal
